
Microsoft Visual Studio Solution File, Format Version 12.00
# Visual Studio Version 16
VisualStudioVersion = 16.0.32929.386
MinimumVisualStudioVersion = 10.0.40219.1
Project("{FAE04EC0-301F-11D3-BF4B-00C04F79EFBC}") = "ZodiacCalculating", "ZodiacCalculating.csproj", "{FF2A4990-17BA-4D45-A948-4777569050EB}"
EndProject
Global
	GlobalSection(SolutionConfigurationPlatforms) = preSolution
		Debug|Any CPU = Debug|Any CPU
		Release|Any CPU = Release|Any CPU
	EndGlobalSection
	GlobalSection(ProjectConfigurationPlatforms) = postSolution
		{FF2A4990-17BA-4D45-A948-4777569050EB}.Debug|Any CPU.ActiveCfg = Debug|Any CPU
		{FF2A4990-17BA-4D45-A948-4777569050EB}.Debug|Any CPU.Build.0 = Debug|Any CPU
		{FF2A4990-17BA-4D45-A948-4777569050EB}.Release|Any CPU.ActiveCfg = Release|Any CPU
		{FF2A4990-17BA-4D45-A948-4777569050EB}.Release|Any CPU.Build.0 = Release|Any CPU
	EndGlobalSection
	GlobalSection(SolutionProperties) = preSolution
		HideSolutionNode = FALSE
	EndGlobalSection
	GlobalSection(ExtensibilityGlobals) = postSolution
		SolutionGuid = {642D1269-88F8-467D-8F8D-BE97026785DE}
	EndGlobalSection
EndGlobal
